
Microsoft Visual Studio Solution File, Format Version 12.00
# Visual Studio Version 16
VisualStudioVersion = 16.0.30104.148
MinimumVisualStudioVersion = 10.0.40219.1
Project("{FAE04EC0-301F-11D3-BF4B-00C04F79EFBC}") = "MerxProject", "MerxProject\MerxProject.csproj", "{038B74BA-B02D-49D9-9F3C-07A8B4F3D770}"
EndProject
Global
	GlobalSection(SolutionConfigurationPlatforms) = preSolution
		Debug|Any CPU = Debug|Any CPU
		Release|Any CPU = Release|Any CPU
	EndGlobalSection
	GlobalSection(ProjectConfigurationPlatforms) = postSolution
		{038B74BA-B02D-49D9-9F3C-07A8B4F3D770}.Debug|Any CPU.ActiveCfg = Debug|Any CPU
		{038B74BA-B02D-49D9-9F3C-07A8B4F3D770}.Debug|Any CPU.Build.0 = Debug|Any CPU
		{038B74BA-B02D-49D9-9F3C-07A8B4F3D770}.Release|Any CPU.ActiveCfg = Release|Any CPU
		{038B74BA-B02D-49D9-9F3C-07A8B4F3D770}.Release|Any CPU.Build.0 = Release|Any CPU
	EndGlobalSection
	GlobalSection(SolutionProperties) = preSolution
		HideSolutionNode = FALSE
	EndGlobalSection
	GlobalSection(ExtensibilityGlobals) = postSolution
		SolutionGuid = {DBE7AD1D-A186-4E92-AAF9-0BFB457B2862}
	EndGlobalSection
EndGlobal
